// !$*UTF8*$!
{
	archiveVersion = 1;
	classes = {
	};
	objectVersion = 46;
	objects = {

/* Begin PBXBuildFile section */
		950E66541D2ADDA00058AF54 /* apples-splash2-01.png in Resources */ = {isa = PBXBuildFile; fileRef = 950E66531D2ADDA00058AF54 /* apples-splash2-01.png */; };
		950E66561D2C03020058AF54 /* DimBackground.swift in Sources */ = {isa = PBXBuildFile; fileRef = 950E66551D2C03020058AF54 /* DimBackground.swift */; };
		950E67411D2C1A650058AF54 /* MapViewController.swift in Sources */ = {isa = PBXBuildFile; fileRef = 950E67401D2C1A650058AF54 /* MapViewController.swift */; };
		9595A8421D2D77E700A9C190 /* PopupModalView.swift in Sources */ = {isa = PBXBuildFile; fileRef = 9595A8411D2D77E700A9C190 /* PopupModalView.swift */; };
		9595A8461D2D952A00A9C190 /* MYRIADPRO-REGULAR.OTF in Resources */ = {isa = PBXBuildFile; fileRef = 95A8C5131D28382D00D495CC /* MYRIADPRO-REGULAR.OTF */; };
		9595A8471D2D952E00A9C190 /* Myriad-Pro-Black-Italic_31618.ttf in Resources */ = {isa = PBXBuildFile; fileRef = 9595A8451D2D90B200A9C190 /* Myriad-Pro-Black-Italic_31618.ttf */; };
		95A8C4E11D282FBB00D495CC /* AppDelegate.swift in Sources */ = {isa = PBXBuildFile; fileRef = 95A8C4E01D282FBB00D495CC /* AppDelegate.swift */; };
		95A8C4E31D282FBB00D495CC /* ViewController.swift in Sources */ = {isa = PBXBuildFile; fileRef = 95A8C4E21D282FBB00D495CC /* ViewController.swift */; };
		95A8C4E61D282FBB00D495CC /* Main.storyboard in Resources */ = {isa = PBXBuildFile; fileRef = 95A8C4E41D282FBB00D495CC /* Main.storyboard */; };
		95A8C4E81D282FBB00D495CC /* Assets.xcassets in Resources */ = {isa = PBXBuildFile; fileRef = 95A8C4E71D282FBB00D495CC /* Assets.xcassets */; };
		95A8C4EB1D282FBB00D495CC /* LaunchScreen.storyboard in Resources */ = {isa = PBXBuildFile; fileRef = 95A8C4E91D282FBB00D495CC /* LaunchScreen.storyboard */; };
		95A8C4F61D282FBB00D495CC /* APPLESTests.swift in Sources */ = {isa = PBXBuildFile; fileRef = 95A8C4F51D282FBB00D495CC /* APPLESTests.swift */; };
		95A8C5011D282FBB00D495CC /* APPLESUITests.swift in Sources */ = {isa = PBXBuildFile; fileRef = 95A8C5001D282FBB00D495CC /* APPLESUITests.swift */; };
		95A8C5101D28327400D495CC /* apples_background.png in Resources */ = {isa = PBXBuildFile; fileRef = 95A8C50E1D28327400D495CC /* apples_background.png */; };
		95A8C5111D28327400D495CC /* apples-app-wireframe.png in Resources */ = {isa = PBXBuildFile; fileRef = 95A8C50F1D28327400D495CC /* apples-app-wireframe.png */; };
		95A8C5171D28489800D495CC /* submit-01.png in Resources */ = {isa = PBXBuildFile; fileRef = 95A8C5161D28489800D495CC /* submit-01.png */; };
		95A8C5191D284A6300D495CC /* apples-splash.png in Resources */ = {isa = PBXBuildFile; fileRef = 95A8C5181D284A6300D495CC /* apples-splash.png */; };
		95A8C51B1D299FFC00D495CC /* pheno_btn.png in Resources */ = {isa = PBXBuildFile; fileRef = 95A8C51A1D299FFC00D495CC /* pheno_btn.png */; };
		95E8818E1D3DAC990052D4D3 /* Apples_Launch-01.png in Resources */ = {isa = PBXBuildFile; fileRef = 95E8818D1D3DAC970052D4D3 /* Apples_Launch-01.png */; };
/* End PBXBuildFile section */

/* Begin PBXContainerItemProxy section */
		95A8C4F21D282FBB00D495CC /* PBXContainerItemProxy */ = {
			isa = PBXContainerItemProxy;
			containerPortal = 95A8C4D51D282FBA00D495CC /* Project object */;
			proxyType = 1;
			remoteGlobalIDString = 95A8C4DC1D282FBB00D495CC;
			remoteInfo = APPLES;
		};
		95A8C4FD1D282FBB00D495CC /* PBXContainerItemProxy */ = {
			isa = PBXContainerItemProxy;
			containerPortal = 95A8C4D51D282FBA00D495CC /* Project object */;
			proxyType = 1;
			remoteGlobalIDString = 95A8C4DC1D282FBB00D495CC;
			remoteInfo = APPLES;
		};
/* End PBXContainerItemProxy section */

/* Begin PBXFileReference section */
		950E66531D2ADDA00058AF54 /* apples-splash2-01.png */ = {isa = PBXFileReference; lastKnownFileType = image.png; path = "apples-splash2-01.png"; sourceTree = "<group>"; };
		950E66551D2C03020058AF54 /* DimBackground.swift */ = {isa = PBXFileReference; fileEncoding = 4; lastKnownFileType = sourcecode.swift; path = DimBackground.swift; sourceTree = "<group>"; };
		950E67401D2C1A650058AF54 /* MapViewController.swift */ = {isa = PBXFileReference; fileEncoding = 4; lastKnownFileType = sourcecode.swift; path = MapViewController.swift; sourceTree = "<group>"; };
		9595A8411D2D77E700A9C190 /* PopupModalView.swift */ = {isa = PBXFileReference; fileEncoding = 4; lastKnownFileType = sourcecode.swift; path = PopupModalView.swift; sourceTree = "<group>"; };
		9595A8451D2D90B200A9C190 /* Myriad-Pro-Black-Italic_31618.ttf */ = {isa = PBXFileReference; lastKnownFileType = file; path = "Myriad-Pro-Black-Italic_31618.ttf"; sourceTree = "<group>"; };
		95A8C4DD1D282FBB00D495CC /* APPLES.app */ = {isa = PBXFileReference; explicitFileType = wrapper.application; includeInIndex = 0; path = APPLES.app; sourceTree = BUILT_PRODUCTS_DIR; };
		95A8C4E01D282FBB00D495CC /* AppDelegate.swift */ = {isa = PBXFileReference; lastKnownFileType = sourcecode.swift; path = AppDelegate.swift; sourceTree = "<group>"; };
		95A8C4E21D282FBB00D495CC /* ViewController.swift */ = {isa = PBXFileReference; lastKnownFileType = sourcecode.swift; path = ViewController.swift; sourceTree = "<group>"; };
		95A8C4E51D282FBB00D495CC /* Base */ = {isa = PBXFileReference; lastKnownFileType = file.storyboard; name = Base; path = Base.lproj/Main.storyboard; sourceTree = "<group>"; };
		95A8C4E71D282FBB00D495CC /* Assets.xcassets */ = {isa = PBXFileReference; lastKnownFileType = folder.assetcatalog; path = Assets.xcassets; sourceTree = "<group>"; };
		95A8C4EA1D282FBB00D495CC /* Base */ = {isa = PBXFileReference; lastKnownFileType = file.storyboard; name = Base; path = Base.lproj/LaunchScreen.storyboard; sourceTree = "<group>"; };
		95A8C4EC1D282FBB00D495CC /* Info.plist */ = {isa = PBXFileReference; lastKnownFileType = text.plist.xml; path = Info.plist; sourceTree = "<group>"; };
		95A8C4F11D282FBB00D495CC /* APPLESTests.xctest */ = {isa = PBXFileReference; explicitFileType = wrapper.cfbundle; includeInIndex = 0; path = APPLESTests.xctest; sourceTree = BUILT_PRODUCTS_DIR; };
		95A8C4F51D282FBB00D495CC /* APPLESTests.swift */ = {isa = PBXFileReference; lastKnownFileType = sourcecode.swift; path = APPLESTests.swift; sourceTree = "<group>"; };
		95A8C4F71D282FBB00D495CC /* Info.plist */ = {isa = PBXFileReference; lastKnownFileType = text.plist.xml; path = Info.plist; sourceTree = "<group>"; };
		95A8C4FC1D282FBB00D495CC /* APPLESUITests.xctest */ = {isa = PBXFileReference; explicitFileType = wrapper.cfbundle; includeInIndex = 0; path = APPLESUITests.xctest; sourceTree = BUILT_PRODUCTS_DIR; };
		95A8C5001D282FBB00D495CC /* APPLESUITests.swift */ = {isa = PBXFileReference; lastKnownFileType = sourcecode.swift; path = APPLESUITests.swift; sourceTree = "<group>"; };
		95A8C5021D282FBC00D495CC /* Info.plist */ = {isa = PBXFileReference; lastKnownFileType = text.plist.xml; path = Info.plist; sourceTree = "<group>"; };
		95A8C50E1D28327400D495CC /* apples_background.png */ = {isa = PBXFileReference; lastKnownFileType = image.png; path = apples_background.png; sourceTree = "<group>"; };
		95A8C50F1D28327400D495CC /* apples-app-wireframe.png */ = {isa = PBXFileReference; lastKnownFileType = image.png; path = "apples-app-wireframe.png"; sourceTree = "<group>"; };
		95A8C5131D28382D00D495CC /* MYRIADPRO-REGULAR.OTF */ = {isa = PBXFileReference; lastKnownFileType = file; path = "MYRIADPRO-REGULAR.OTF"; sourceTree = "<group>"; };
		95A8C5161D28489800D495CC /* submit-01.png */ = {isa = PBXFileReference; lastKnownFileType = image.png; path = "submit-01.png"; sourceTree = "<group>"; };
		95A8C5181D284A6300D495CC /* apples-splash.png */ = {isa = PBXFileReference; lastKnownFileType = image.png; path = "apples-splash.png"; sourceTree = "<group>"; };
		95A8C51A1D299FFC00D495CC /* pheno_btn.png */ = {isa = PBXFileReference; lastKnownFileType = image.png; path = pheno_btn.png; sourceTree = "<group>"; };
		95E8818D1D3DAC970052D4D3 /* Apples_Launch-01.png */ = {isa = PBXFileReference; lastKnownFileType = image.png; path = "Apples_Launch-01.png"; sourceTree = "<group>"; };
/* End PBXFileReference section */

/* Begin PBXFrameworksBuildPhase section */
		95A8C4DA1D282FBB00D495CC /* Frameworks */ = {
			isa = PBXFrameworksBuildPhase;
			buildActionMask = 2147483647;
			files = (
			);
			runOnlyForDeploymentPostprocessing = 0;
		};
		95A8C4EE1D282FBB00D495CC /* Frameworks */ = {
			isa = PBXFrameworksBuildPhase;
			buildActionMask = 2147483647;
			files = (
			);
			runOnlyForDeploymentPostprocessing = 0;
		};
		95A8C4F91D282FBB00D495CC /* Frameworks */ = {
			isa = PBXFrameworksBuildPhase;
			buildActionMask = 2147483647;
			files = (
			);
			runOnlyForDeploymentPostprocessing = 0;
		};
/* End PBXFrameworksBuildPhase section */

/* Begin PBXGroup section */
		95A8C4D41D282FBA00D495CC = {
			isa = PBXGroup;
			children = (
				95A8C4DF1D282FBB00D495CC /* APPLES */,
				95A8C4F41D282FBB00D495CC /* APPLESTests */,
				95A8C4FF1D282FBB00D495CC /* APPLESUITests */,
				95A8C4DE1D282FBB00D495CC /* Products */,
			);
			sourceTree = "<group>";
		};
		95A8C4DE1D282FBB00D495CC /* Products */ = {
			isa = PBXGroup;
			children = (
				95A8C4DD1D282FBB00D495CC /* APPLES.app */,
				95A8C4F11D282FBB00D495CC /* APPLESTests.xctest */,
				95A8C4FC1D282FBB00D495CC /* APPLESUITests.xctest */,
			);
			name = Products;
			sourceTree = "<group>";
		};
		95A8C4DF1D282FBB00D495CC /* APPLES */ = {
			isa = PBXGroup;
			children = (
				95A8C4E01D282FBB00D495CC /* AppDelegate.swift */,
				95A8C4E21D282FBB00D495CC /* ViewController.swift */,
				9595A8411D2D77E700A9C190 /* PopupModalView.swift */,
				950E66551D2C03020058AF54 /* DimBackground.swift */,
				95A8C4E41D282FBB00D495CC /* Main.storyboard */,
				950E67401D2C1A650058AF54 /* MapViewController.swift */,
				95A8C4E71D282FBB00D495CC /* Assets.xcassets */,
				95A8C4E91D282FBB00D495CC /* LaunchScreen.storyboard */,
				95A8C4EC1D282FBB00D495CC /* Info.plist */,
				95A8C5121D28327900D495CC /* Graphics */,
			);
			path = APPLES;
			sourceTree = "<group>";
		};
		95A8C4F41D282FBB00D495CC /* APPLESTests */ = {
			isa = PBXGroup;
			children = (
				95A8C4F51D282FBB00D495CC /* APPLESTests.swift */,
				95A8C4F71D282FBB00D495CC /* Info.plist */,
			);
			path = APPLESTests;
			sourceTree = "<group>";
		};
		95A8C4FF1D282FBB00D495CC /* APPLESUITests */ = {
			isa = PBXGroup;
			children = (
				95A8C5001D282FBB00D495CC /* APPLESUITests.swift */,
				95A8C5021D282FBC00D495CC /* Info.plist */,
			);
			path = APPLESUITests;
			sourceTree = "<group>";
		};
		95A8C5121D28327900D495CC /* Graphics */ = {
			isa = PBXGroup;
			children = (
				95A8C50E1D28327400D495CC /* apples_background.png */,
				950E66531D2ADDA00058AF54 /* apples-splash2-01.png */,
				95A8C50F1D28327400D495CC /* apples-app-wireframe.png */,
				95A8C5131D28382D00D495CC /* MYRIADPRO-REGULAR.OTF */,
				95E8818D1D3DAC970052D4D3 /* Apples_Launch-01.png */,
				9595A8451D2D90B200A9C190 /* Myriad-Pro-Black-Italic_31618.ttf */,
				95A8C51A1D299FFC00D495CC /* pheno_btn.png */,
				95A8C5181D284A6300D495CC /* apples-splash.png */,
				95A8C5161D28489800D495CC /* submit-01.png */,
			);
			name = Graphics;
			sourceTree = "<group>";
		};
/* End PBXGroup section */

/* Begin PBXNativeTarget section */
		95A8C4DC1D282FBB00D495CC /* APPLES */ = {
			isa = PBXNativeTarget;
			buildConfigurationList = 95A8C5051D282FBC00D495CC /* Build configuration list for PBXNativeTarget "APPLES" */;
			buildPhases = (
				95A8C4D91D282FBB00D495CC /* Sources */,
				95A8C4DA1D282FBB00D495CC /* Frameworks */,
				95A8C4DB1D282FBB00D495CC /* Resources */,
			);
			buildRules = (
			);
			dependencies = (
			);
			name = APPLES;
			productName = APPLES;
			productReference = 95A8C4DD1D282FBB00D495CC /* APPLES.app */;
			productType = "com.apple.product-type.application";
		};
		95A8C4F01D282FBB00D495CC /* APPLESTests */ = {
			isa = PBXNativeTarget;
			buildConfigurationList = 95A8C5081D282FBC00D495CC /* Build configuration list for PBXNativeTarget "APPLESTests" */;
			buildPhases = (
				95A8C4ED1D282FBB00D495CC /* Sources */,
				95A8C4EE1D282FBB00D495CC /* Frameworks */,
				95A8C4EF1D282FBB00D495CC /* Resources */,
			);
			buildRules = (
			);
			dependencies = (
				95A8C4F31D282FBB00D495CC /* PBXTargetDependency */,
			);
			name = APPLESTests;
			productName = APPLESTests;
			productReference = 95A8C4F11D282FBB00D495CC /* APPLESTests.xctest */;
			productType = "com.apple.product-type.bundle.unit-test";
		};
		95A8C4FB1D282FBB00D495CC /* APPLESUITests */ = {
			isa = PBXNativeTarget;
			buildConfigurationList = 95A8C50B1D282FBC00D495CC /* Build configuration list for PBXNativeTarget "APPLESUITests" */;
			buildPhases = (
				95A8C4F81D282FBB00D495CC /* Sources */,
				95A8C4F91D282FBB00D495CC /* Frameworks */,
				95A8C4FA1D282FBB00D495CC /* Resources */,
			);
			buildRules = (
			);
			dependencies = (
				95A8C4FE1D282FBB00D495CC /* PBXTargetDependency */,
			);
			name = APPLESUITests;
			productName = APPLESUITests;
			productReference = 95A8C4FC1D282FBB00D495CC /* APPLESUITests.xctest */;
			productType = "com.apple.product-type.bundle.ui-testing";
		};
/* End PBXNativeTarget section */

/* Begin PBXProject section */
		95A8C4D51D282FBA00D495CC /* Project object */ = {
			isa = PBXProject;
			attributes = {
				LastSwiftUpdateCheck = 0730;
				LastUpgradeCheck = 0730;
				ORGANIZATIONNAME = "Zach Fuller";
				TargetAttributes = {
					95A8C4DC1D282FBB00D495CC = {
						CreatedOnToolsVersion = 7.3.1;
						DevelopmentTeam = HT3L87G843;
					};
					95A8C4F01D282FBB00D495CC = {
						CreatedOnToolsVersion = 7.3.1;
						DevelopmentTeam = HT3L87G843;
						TestTargetID = 95A8C4DC1D282FBB00D495CC;
					};
					95A8C4FB1D282FBB00D495CC = {
						CreatedOnToolsVersion = 7.3.1;
						DevelopmentTeam = HT3L87G843;
						TestTargetID = 95A8C4DC1D282FBB00D495CC;
					};
				};
			};
			buildConfigurationList = 95A8C4D81D282FBA00D495CC /* Build configuration list for PBXProject "APPLES" */;
			compatibilityVersion = "Xcode 3.2";
			developmentRegion = English;
			hasScannedForEncodings = 0;
			knownRegions = (
				en,
				Base,
			);
			mainGroup = 95A8C4D41D282FBA00D495CC;
			productRefGroup = 95A8C4DE1D282FBB00D495CC /* Products */;
			projectDirPath = "";
			projectRoot = "";
			targets = (
				95A8C4DC1D282FBB00D495CC /* APPLES */,
				95A8C4F01D282FBB00D495CC /* APPLESTests */,
				95A8C4FB1D282FBB00D495CC /* APPLESUITests */,
			);
		};
/* End PBXProject section */

/* Begin PBXResourcesBuildPhase section */
		95A8C4DB1D282FBB00D495CC /* Resources */ = {
			isa = PBXResourcesBuildPhase;
			buildActionMask = 2147483647;
			files = (
				9595A8471D2D952E00A9C190 /* Myriad-Pro-Black-Italic_31618.ttf in Resources */,
				9595A8461D2D952A00A9C190 /* MYRIADPRO-REGULAR.OTF in Resources */,
				95A8C5171D28489800D495CC /* submit-01.png in Resources */,
				95A8C5191D284A6300D495CC /* apples-splash.png in Resources */,
				95E8818E1D3DAC990052D4D3 /* Apples_Launch-01.png in Resources */,
				95A8C5101D28327400D495CC /* apples_background.png in Resources */,
				95A8C4EB1D282FBB00D495CC /* LaunchScreen.storyboard in Resources */,
				950E66541D2ADDA00058AF54 /* apples-splash2-01.png in Resources */,
				95A8C4E81D282FBB00D495CC /* Assets.xcassets in Resources */,
				95A8C51B1D299FFC00D495CC /* pheno_btn.png in Resources */,
				95A8C4E61D282FBB00D495CC /* Main.storyboard in Resources */,
				95A8C5111D28327400D495CC /* apples-app-wireframe.png in Resources */,
			);
			runOnlyForDeploymentPostprocessing = 0;
		};
		95A8C4EF1D282FBB00D495CC /* Resources */ = {
			isa = PBXResourcesBuildPhase;
			buildActionMask = 2147483647;
			files = (
			);
			runOnlyForDeploymentPostprocessing = 0;
		};
		95A8C4FA1D282FBB00D495CC /* Resources */ = {
			isa = PBXResourcesBuildPhase;
			buildActionMask = 2147483647;
			files = (
			);
			runOnlyForDeploymentPostprocessing = 0;
		};
/* End PBXResourcesBuildPhase section */

/* Begin PBXSourcesBuildPhase section */
		95A8C4D91D282FBB00D495CC /* Sources */ = {
			isa = PBXSourcesBuildPhase;
			buildActionMask = 2147483647;
			files = (
				9595A8421D2D77E700A9C190 /* PopupModalView.swift in Sources */,
				950E66561D2C03020058AF54 /* DimBackground.swift in Sources */,
				95A8C4E31D282FBB00D495CC /* ViewController.swift in Sources */,
				95A8C4E11D282FBB00D495CC /* AppDelegate.swift in Sources */,
				950E67411D2C1A650058AF54 /* MapViewController.swift in Sources */,
			);
			runOnlyForDeploymentPostprocessing = 0;
		};
		95A8C4ED1D282FBB00D495CC /* Sources */ = {
			isa = PBXSourcesBuildPhase;
			buildActionMask = 2147483647;
			files = (
				95A8C4F61D282FBB00D495CC /* APPLESTests.swift in Sources */,
			);
			runOnlyForDeploymentPostprocessing = 0;
		};
		95A8C4F81D282FBB00D495CC /* Sources */ = {
			isa = PBXSourcesBuildPhase;
			buildActionMask = 2147483647;
			files = (
				95A8C5011D282FBB00D495CC /* APPLESUITests.swift in Sources */,
			);
			runOnlyForDeploymentPostprocessing = 0;
		};
/* End PBXSourcesBuildPhase section */

/* Begin PBXTargetDependency section */
		95A8C4F31D282FBB00D495CC /* PBXTargetDependency */ = {
			isa = PBXTargetDependency;
			target = 95A8C4DC1D282FBB00D495CC /* APPLES */;
			targetProxy = 95A8C4F21D282FBB00D495CC /* PBXContainerItemProxy */;
		};
		95A8C4FE1D282FBB00D495CC /* PBXTargetDependency */ = {
			isa = PBXTargetDependency;
			target = 95A8C4DC1D282FBB00D495CC /* APPLES */;
			targetProxy = 95A8C4FD1D282FBB00D495CC /* PBXContainerItemProxy */;
		};
/* End PBXTargetDependency section */

/* Begin PBXVariantGroup section */
		95A8C4E41D282FBB00D495CC /* Main.storyboard */ = {
			isa = PBXVariantGroup;
			children = (
				95A8C4E51D282FBB00D495CC /* Base */,
			);
			name = Main.storyboard;
			sourceTree = "<group>";
		};
		95A8C4E91D282FBB00D495CC /* LaunchScreen.storyboard */ = {
			isa = PBXVariantGroup;
			children = (
				95A8C4EA1D282FBB00D495CC /* Base */,
			);
			name = LaunchScreen.storyboard;
			sourceTree = "<group>";
		};
/* End PBXVariantGroup section */

/* Begin XCBuildConfiguration section */
		95A8C5031D282FBC00D495CC /* Debug */ = {
			isa = XCBuildConfiguration;
			buildSettings = {
				ALWAYS_SEARCH_USER_PATHS = NO;
				CLANG_ANALYZER_NONNULL = YES;
				CLANG_CXX_LANGUAGE_STANDARD = "gnu++0x";
				CLANG_CXX_LIBRARY = "libc++";
				CLANG_ENABLE_MODULES = YES;
				CLANG_ENABLE_OBJC_ARC = YES;
				CLANG_WARN_BOOL_CONVERSION = YES;
				CLANG_WARN_CONSTANT_CONVERSION = YES;
				CLANG_WARN_DIRECT_OBJC_ISA_USAGE = YES_ERROR;
				CLANG_WARN_EMPTY_BODY = YES;
				CLANG_WARN_ENUM_CONVERSION = YES;
				CLANG_WARN_INT_CONVERSION = YES;
				CLANG_WARN_OBJC_ROOT_CLASS = YES_ERROR;
				CLANG_WARN_UNREACHABLE_CODE = YES;
				CLANG_WARN__DUPLICATE_METHOD_MATCH = YES;
				"CODE_SIGN_IDENTITY[sdk=iphoneos*]" = "iPhone Developer";
				COPY_PHASE_STRIP = NO;
				DEBUG_INFORMATION_FORMAT = dwarf;
				ENABLE_STRICT_OBJC_MSGSEND = YES;
				ENABLE_TESTABILITY = YES;
				GCC_C_LANGUAGE_STANDARD = gnu99;
				GCC_DYNAMIC_NO_PIC = NO;
				GCC_NO_COMMON_BLOCKS = YES;
				GCC_OPTIMIZATION_LEVEL = 0;
				GCC_PREPROCESSOR_DEFINITIONS = (
					"DEBUG=1",
					"$(inherited)",
				);
				GCC_WARN_64_TO_32_BIT_CONVERSION = YES;
				GCC_WARN_ABOUT_RETURN_TYPE = YES_ERROR;
				GCC_WARN_UNDECLARED_SELECTOR = YES;
				GCC_WARN_UNINITIALIZED_AUTOS = YES_AGGRESSIVE;
				GCC_WARN_UNUSED_FUNCTION = YES;
				GCC_WARN_UNUSED_VARIABLE = YES;
				IPHONEOS_DEPLOYMENT_TARGET = 9.3;
				MTL_ENABLE_DEBUG_INFO = YES;
				ONLY_ACTIVE_ARCH = YES;
				SDKROOT = iphoneos;
				SWIFT_OPTIMIZATION_LEVEL = "-Onone";
			};
			name = Debug;
		};
		95A8C5041D282FBC00D495CC /* Release */ = {
			isa = XCBuildConfiguration;
			buildSettings = {
				ALWAYS_SEARCH_USER_PATHS = NO;
				CLANG_ANALYZER_NONNULL = YES;
				CLANG_CXX_LANGUAGE_STANDARD = "gnu++0x";
				CLANG_CXX_LIBRARY = "libc++";
				CLANG_ENABLE_MODULES = YES;
				CLANG_ENABLE_OBJC_ARC = YES;
				CLANG_WARN_BOOL_CONVERSION = YES;
				CLANG_WARN_CONSTANT_CONVERSION = YES;
				CLANG_WARN_DIRECT_OBJC_ISA_USAGE = YES_ERROR;
				CLANG_WARN_EMPTY_BODY = YES;
				CLANG_WARN_ENUM_CONVERSION = YES;
				CLANG_WARN_INT_CONVERSION = YES;
				CLANG_WARN_OBJC_ROOT_CLASS = YES_ERROR;
				CLANG_WARN_UNREACHABLE_CODE = YES;
				CLANG_WARN__DUPLICATE_METHOD_MATCH = YES;
				"CODE_SIGN_IDENTITY[sdk=iphoneos*]" = "iPhone Developer";
				COPY_PHASE_STRIP = NO;
				DEBUG_INFORMATION_FORMAT = "dwarf-with-dsym";
				ENABLE_NS_ASSERTIONS = NO;
				ENABLE_STRICT_OBJC_MSGSEND = YES;
				GCC_C_LANGUAGE_STANDARD = gnu99;
				GCC_NO_COMMON_BLOCKS = YES;
				GCC_WARN_64_TO_32_BIT_CONVERSION = YES;
				GCC_WARN_ABOUT_RETURN_TYPE = YES_ERROR;
				GCC_WARN_UNDECLARED_SELECTOR = YES;
				GCC_WARN_UNINITIALIZED_AUTOS = YES_AGGRESSIVE;
				GCC_WARN_UNUSED_FUNCTION = YES;
				GCC_WARN_UNUSED_VARIABLE = YES;
				IPHONEOS_DEPLOYMENT_TARGET = 9.3;
				MTL_ENABLE_DEBUG_INFO = NO;
				SDKROOT = iphoneos;
				VALIDATE_PRODUCT = YES;
			};
			name = Release;
		};
		95A8C5061D282FBC00D495CC /* Debug */ = {
			isa = XCBuildConfiguration;
			buildSettings = {
				ASSETCATALOG_COMPILER_APPICON_NAME = AppIcon;
				INFOPLIST_FILE = APPLES/Info.plist;
				LD_RUNPATH_SEARCH_PATHS = "$(inherited) @executable_path/Frameworks";
				PRODUCT_BUNDLE_IDENTIFIER = PennState.APPLES;
				PRODUCT_NAME = "$(TARGET_NAME)";
			};
			name = Debug;
		};
		95A8C5071D282FBC00D495CC /* Release */ = {
			isa = XCBuildConfiguration;
			buildSettings = {
				ASSETCATALOG_COMPILER_APPICON_NAME = AppIcon;
				INFOPLIST_FILE = APPLES/Info.plist;
				LD_RUNPATH_SEARCH_PATHS = "$(inherited) @executable_path/Frameworks";
				PRODUCT_BUNDLE_IDENTIFIER = PennState.APPLES;
				PRODUCT_NAME = "$(TARGET_NAME)";
			};
			name = Release;
		};
		95A8C5091D282FBC00D495CC /* Debug */ = {
			isa = XCBuildConfiguration;
			buildSettings = {
				BUNDLE_LOADER = "$(TEST_HOST)";
				INFOPLIST_FILE = APPLESTests/Info.plist;
				LD_RUNPATH_SEARCH_PATHS = "$(inherited) @executable_path/Frameworks @loader_path/Frameworks";
				PRODUCT_BUNDLE_IDENTIFIER = PennState.APPLESTests;
				PRODUCT_NAME = "$(TARGET_NAME)";
				TEST_HOST = "$(BUILT_PRODUCTS_DIR)/APPLES.app/APPLES";
			};
			name = Debug;
		};
		95A8C50A1D282FBC00D495CC /* Release */ = {
			isa = XCBuildConfiguration;
			buildSettings = {
				BUNDLE_LOADER = "$(TEST_HOST)";
				INFOPLIST_FILE = APPLESTests/Info.plist;
				LD_RUNPATH_SEARCH_PATHS = "$(inherited) @executable_path/Frameworks @loader_path/Frameworks";
				PRODUCT_BUNDLE_IDENTIFIER = PennState.APPLESTests;
				PRODUCT_NAME = "$(TARGET_NAME)";
				TEST_HOST = "$(BUILT_PRODUCTS_DIR)/APPLES.app/APPLES";
			};
			name = Release;
		};
		95A8C50C1D282FBC00D495CC /* Debug */ = {
			isa = XCBuildConfiguration;
			buildSettings = {
				INFOPLIST_FILE = APPLESUITests/Info.plist;
				LD_RUNPATH_SEARCH_PATHS = "$(inherited) @executable_path/Frameworks @loader_path/Frameworks";
				PRODUCT_BUNDLE_IDENTIFIER = PennState.APPLESUITests;
				PRODUCT_NAME = "$(TARGET_NAME)";
				TEST_TARGET_NAME = APPLES;
			};
			name = Debug;
		};
		95A8C50D1D282FBC00D495CC /* Release */ = {
			isa = XCBuildConfiguration;
			buildSettings = {
				INFOPLIST_FILE = APPLESUITests/Info.plist;
				LD_RUNPATH_SEARCH_PATHS = "$(inherited) @executable_path/Frameworks @loader_path/Frameworks";
				PRODUCT_BUNDLE_IDENTIFIER = PennState.APPLESUITests;
				PRODUCT_NAME = "$(TARGET_NAME)";
				TEST_TARGET_NAME = APPLES;
			};
			name = Release;
		};
/* End XCBuildConfiguration section */

/* Begin XCConfigurationList section */
		95A8C4D81D282FBA00D495CC /* Build configuration list for PBXProject "APPLES" */ = {
			isa = XCConfigurationList;
			buildConfigurations = (
				95A8C5031D282FBC00D495CC /* Debug */,
				95A8C5041D282FBC00D495CC /* Release */,
			);
			defaultConfigurationIsVisible = 0;
			defaultConfigurationName = Release;
		};
		95A8C5051D282FBC00D495CC /* Build configuration list for PBXNativeTarget "APPLES" */ = {
			isa = XCConfigurationList;
			buildConfigurations = (
				95A8C5061D282FBC00D495CC /* Debug */,
				95A8C5071D282FBC00D495CC /* Release */,
			);
			defaultConfigurationIsVisible = 0;
			defaultConfigurationName = Release;
		};
		95A8C5081D282FBC00D495CC /* Build configuration list for PBXNativeTarget "APPLESTests" */ = {
			isa = XCConfigurationList;
			buildConfigurations = (
				95A8C5091D282FBC00D495CC /* Debug */,
				95A8C50A1D282FBC00D495CC /* Release */,
			);
			defaultConfigurationIsVisible = 0;
			defaultConfigurationName = Release;
		};
		95A8C50B1D282FBC00D495CC /* Build configuration list for PBXNativeTarget "APPLESUITests" */ = {
			isa = XCConfigurationList;
			buildConfigurations = (
				95A8C50C1D282FBC00D495CC /* Debug */,
				95A8C50D1D282FBC00D495CC /* Release */,
			);
			defaultConfigurationIsVisible = 0;
			defaultConfigurationName = Release;
		};
/* End XCConfigurationList section */
	};
	rootObject = 95A8C4D51D282FBA00D495CC /* Project object */;
}
